
Microsoft Visual Studio Solution File, Format Version 12.00
# Visual Studio Version 17
VisualStudioVersion = 17.0.31919.166
MinimumVisualStudioVersion = 10.0.40219.1
Project("{FAE04EC0-301F-11D3-BF4B-00C04F79EFBC}") = "HelpMeApp.WebAPI", "HelpMeApp.WebAPI\HelpMeApp.WebAPI.csproj", "{DB89F3EE-4BA4-409D-AAAD-004D75073AF1}"
EndProject
Project("{FAE04EC0-301F-11D3-BF4B-00C04F79EFBC}") = "HelpMeApp.Services", "HelpMeApp.Services\HelpMeApp.Services.csproj", "{78E86129-632C-4B72-A7D1-190AA8419455}"
EndProject
Project("{FAE04EC0-301F-11D3-BF4B-00C04F79EFBC}") = "HelpMeApp.DAL", "HelpMeApp.DAL\HelpMeApp.DAL.csproj", "{DED5147D-D26B-4621-AC22-BC6EA76A2CD1}"
EndProject
Global
	GlobalSection(SolutionConfigurationPlatforms) = preSolution
		Debug|Any CPU = Debug|Any CPU
		Release|Any CPU = Release|Any CPU
	EndGlobalSection
	GlobalSection(ProjectConfigurationPlatforms) = postSolution
		{DB89F3EE-4BA4-409D-AAAD-004D75073AF1}.Debug|Any CPU.ActiveCfg = Debug|Any CPU
		{DB89F3EE-4BA4-409D-AAAD-004D75073AF1}.Debug|Any CPU.Build.0 = Debug|Any CPU
		{DB89F3EE-4BA4-409D-AAAD-004D75073AF1}.Release|Any CPU.ActiveCfg = Release|Any CPU
		{DB89F3EE-4BA4-409D-AAAD-004D75073AF1}.Release|Any CPU.Build.0 = Release|Any CPU
		{78E86129-632C-4B72-A7D1-190AA8419455}.Debug|Any CPU.ActiveCfg = Debug|Any CPU
		{78E86129-632C-4B72-A7D1-190AA8419455}.Debug|Any CPU.Build.0 = Debug|Any CPU
		{78E86129-632C-4B72-A7D1-190AA8419455}.Release|Any CPU.ActiveCfg = Release|Any CPU
		{78E86129-632C-4B72-A7D1-190AA8419455}.Release|Any CPU.Build.0 = Release|Any CPU
		{DED5147D-D26B-4621-AC22-BC6EA76A2CD1}.Debug|Any CPU.ActiveCfg = Debug|Any CPU
		{DED5147D-D26B-4621-AC22-BC6EA76A2CD1}.Debug|Any CPU.Build.0 = Debug|Any CPU
		{DED5147D-D26B-4621-AC22-BC6EA76A2CD1}.Release|Any CPU.ActiveCfg = Release|Any CPU
		{DED5147D-D26B-4621-AC22-BC6EA76A2CD1}.Release|Any CPU.Build.0 = Release|Any CPU
	EndGlobalSection
	GlobalSection(SolutionProperties) = preSolution
		HideSolutionNode = FALSE
	EndGlobalSection
	GlobalSection(ExtensibilityGlobals) = postSolution
		SolutionGuid = {946201F5-885B-4ACF-A6B8-E312B51ABE65}
	EndGlobalSection
EndGlobal
